
Microsoft Visual Studio Solution File, Format Version 12.00
# Visual Studio Version 17
VisualStudioVersion = 17.8.34316.72
MinimumVisualStudioVersion = 10.0.40219.1
Project("{FAE04EC0-301F-11D3-BF4B-00C04F79EFBC}") = "College_Management", "College_Management\College_Management.csproj", "{5D271447-64D6-4EC0-88B0-24DC02EFDBFF}"
EndProject
Global
	GlobalSection(SolutionConfigurationPlatforms) = preSolution
		Debug|Any CPU = Debug|Any CPU
		Release|Any CPU = Release|Any CPU
	EndGlobalSection
	GlobalSection(ProjectConfigurationPlatforms) = postSolution
		{5D271447-64D6-4EC0-88B0-24DC02EFDBFF}.Debug|Any CPU.ActiveCfg = Debug|Any CPU
		{5D271447-64D6-4EC0-88B0-24DC02EFDBFF}.Debug|Any CPU.Build.0 = Debug|Any CPU
		{5D271447-64D6-4EC0-88B0-24DC02EFDBFF}.Release|Any CPU.ActiveCfg = Release|Any CPU
		{5D271447-64D6-4EC0-88B0-24DC02EFDBFF}.Release|Any CPU.Build.0 = Release|Any CPU
	EndGlobalSection
	GlobalSection(SolutionProperties) = preSolution
		HideSolutionNode = FALSE
	EndGlobalSection
	GlobalSection(ExtensibilityGlobals) = postSolution
		SolutionGuid = {8093ED0E-480E-4208-8C64-59534AEA81DC}
	EndGlobalSection
EndGlobal
